// !$*UTF8*$!
{
	archiveVersion = 1;
	classes = {
	};
	objectVersion = 46;
	objects = {

/* Begin PBXBuildFile section */
		65F6F9BE1A363ABF00AB6A0A /* main.m in Sources */ = {isa = PBXBuildFile; fileRef = 65F6F9BD1A363ABF00AB6A0A /* main.m */; };
		65F6F9C81A363D5600AB6A0A /* Node.m in Sources */ = {isa = PBXBuildFile; fileRef = 65F6F9C71A363D5600AB6A0A /* Node.m */; };
		65F6F9CB1A363FFA00AB6A0A /* BinarySearchTree.m in Sources */ = {isa = PBXBuildFile; fileRef = 65F6F9CA1A363FFA00AB6A0A /* BinarySearchTree.m */; };
		65F6F9CE1A3709F000AB6A0A /* Person.m in Sources */ = {isa = PBXBuildFile; fileRef = 65F6F9CD1A3709F000AB6A0A /* Person.m */; };
		65F6F9D21A370B1100AB6A0A /* firstnames.txt in CopyFiles */ = {isa = PBXBuildFile; fileRef = 65F6F9CF1A370AEA00AB6A0A /* firstnames.txt */; };
		65F6F9D31A370B1100AB6A0A /* lastnames.txt in CopyFiles */ = {isa = PBXBuildFile; fileRef = 65F6F9D01A370AEA00AB6A0A /* lastnames.txt */; };
/* End PBXBuildFile section */

/* Begin PBXCopyFilesBuildPhase section */
		65F6F9B81A363ABF00AB6A0A /* CopyFiles */ = {
			isa = PBXCopyFilesBuildPhase;
			buildActionMask = 12;
			dstPath = "";
			dstSubfolderSpec = 16;
			files = (
				65F6F9D21A370B1100AB6A0A /* firstnames.txt in CopyFiles */,
				65F6F9D31A370B1100AB6A0A /* lastnames.txt in CopyFiles */,
			);
			runOnlyForDeploymentPostprocessing = 0;
		};
/* End PBXCopyFilesBuildPhase section */

/* Begin PBXFileReference section */
		65F6F9BA1A363ABF00AB6A0A /* Trees */ = {isa = PBXFileReference; explicitFileType = "compiled.mach-o.executable"; includeInIndex = 0; path = Trees; sourceTree = BUILT_PRODUCTS_DIR; };
		65F6F9BD1A363ABF00AB6A0A /* main.m */ = {isa = PBXFileReference; lastKnownFileType = sourcecode.c.objc; path = main.m; sourceTree = "<group>"; };
		65F6F9C61A363D5600AB6A0A /* Node.h */ = {isa = PBXFileReference; fileEncoding = 4; lastKnownFileType = sourcecode.c.h; path = Node.h; sourceTree = "<group>"; };
		65F6F9C71A363D5600AB6A0A /* Node.m */ = {isa = PBXFileReference; fileEncoding = 4; lastKnownFileType = sourcecode.c.objc; path = Node.m; sourceTree = "<group>"; };
		65F6F9C91A363FFA00AB6A0A /* BinarySearchTree.h */ = {isa = PBXFileReference; fileEncoding = 4; lastKnownFileType = sourcecode.c.h; path = BinarySearchTree.h; sourceTree = "<group>"; };
		65F6F9CA1A363FFA00AB6A0A /* BinarySearchTree.m */ = {isa = PBXFileReference; fileEncoding = 4; lastKnownFileType = sourcecode.c.objc; path = BinarySearchTree.m; sourceTree = "<group>"; };
		65F6F9CC1A3709F000AB6A0A /* Person.h */ = {isa = PBXFileReference; fileEncoding = 4; lastKnownFileType = sourcecode.c.h; path = Person.h; sourceTree = "<group>"; };
		65F6F9CD1A3709F000AB6A0A /* Person.m */ = {isa = PBXFileReference; fileEncoding = 4; lastKnownFileType = sourcecode.c.objc; path = Person.m; sourceTree = "<group>"; };
		65F6F9CF1A370AEA00AB6A0A /* firstnames.txt */ = {isa = PBXFileReference; fileEncoding = 4; lastKnownFileType = text; path = firstnames.txt; sourceTree = "<group>"; };
		65F6F9D01A370AEA00AB6A0A /* lastnames.txt */ = {isa = PBXFileReference; fileEncoding = 4; lastKnownFileType = text; path = lastnames.txt; sourceTree = "<group>"; };
/* End PBXFileReference section */

/* Begin PBXFrameworksBuildPhase section */
		65F6F9B71A363ABF00AB6A0A /* Frameworks */ = {
			isa = PBXFrameworksBuildPhase;
			buildActionMask = 2147483647;
			files = (
			);
			runOnlyForDeploymentPostprocessing = 0;
		};
/* End PBXFrameworksBuildPhase section */

/* Begin PBXGroup section */
		65F6F9B11A363ABF00AB6A0A = {
			isa = PBXGroup;
			children = (
				65F6F9BC1A363ABF00AB6A0A /* Trees */,
				65F6F9BB1A363ABF00AB6A0A /* Products */,
			);
			sourceTree = "<group>";
		};
		65F6F9BB1A363ABF00AB6A0A /* Products */ = {
			isa = PBXGroup;
			children = (
				65F6F9BA1A363ABF00AB6A0A /* Trees */,
			);
			name = Products;
			sourceTree = "<group>";
		};
		65F6F9BC1A363ABF00AB6A0A /* Trees */ = {
			isa = PBXGroup;
			children = (
				65F6F9BD1A363ABF00AB6A0A /* main.m */,
				65F6F9CC1A3709F000AB6A0A /* Person.h */,
				65F6F9CD1A3709F000AB6A0A /* Person.m */,
				65F6F9C51A363D2800AB6A0A /* BinarySearchTree */,
				65F6F9D11A370AF000AB6A0A /* resources */,
			);
			path = Trees;
			sourceTree = "<group>";
		};
		65F6F9C51A363D2800AB6A0A /* BinarySearchTree */ = {
			isa = PBXGroup;
			children = (
				65F6F9C61A363D5600AB6A0A /* Node.h */,
				65F6F9C71A363D5600AB6A0A /* Node.m */,
				65F6F9C91A363FFA00AB6A0A /* BinarySearchTree.h */,
				65F6F9CA1A363FFA00AB6A0A /* BinarySearchTree.m */,
			);
			name = BinarySearchTree;
			sourceTree = "<group>";
		};
		65F6F9D11A370AF000AB6A0A /* resources */ = {
			isa = PBXGroup;
			children = (
				65F6F9CF1A370AEA00AB6A0A /* firstnames.txt */,
				65F6F9D01A370AEA00AB6A0A /* lastnames.txt */,
			);
			name = resources;
			sourceTree = "<group>";
		};
/* End PBXGroup section */

/* Begin PBXNativeTarget section */
		65F6F9B91A363ABF00AB6A0A /* Trees */ = {
			isa = PBXNativeTarget;
			buildConfigurationList = 65F6F9C11A363ABF00AB6A0A /* Build configuration list for PBXNativeTarget "Trees" */;
			buildPhases = (
				65F6F9B61A363ABF00AB6A0A /* Sources */,
				65F6F9B71A363ABF00AB6A0A /* Frameworks */,
				65F6F9B81A363ABF00AB6A0A /* CopyFiles */,
			);
			buildRules = (
			);
			dependencies = (
			);
			name = Trees;
			productName = Trees;
			productReference = 65F6F9BA1A363ABF00AB6A0A /* Trees */;
			productType = "com.apple.product-type.tool";
		};
/* End PBXNativeTarget section */

/* Begin PBXProject section */
		65F6F9B21A363ABF00AB6A0A /* Project object */ = {
			isa = PBXProject;
			attributes = {
				LastUpgradeCheck = 0610;
				ORGANIZATIONNAME = MakeSchool;
				TargetAttributes = {
					65F6F9B91A363ABF00AB6A0A = {
						CreatedOnToolsVersion = 6.1.1;
					};
				};
			};
			buildConfigurationList = 65F6F9B51A363ABF00AB6A0A /* Build configuration list for PBXProject "Trees" */;
			compatibilityVersion = "Xcode 3.2";
			developmentRegion = English;
			hasScannedForEncodings = 0;
			knownRegions = (
				en,
			);
			mainGroup = 65F6F9B11A363ABF00AB6A0A;
			productRefGroup = 65F6F9BB1A363ABF00AB6A0A /* Products */;
			projectDirPath = "";
			projectRoot = "";
			targets = (
				65F6F9B91A363ABF00AB6A0A /* Trees */,
			);
		};
/* End PBXProject section */

/* Begin PBXSourcesBuildPhase section */
		65F6F9B61A363ABF00AB6A0A /* Sources */ = {
			isa = PBXSourcesBuildPhase;
			buildActionMask = 2147483647;
			files = (
				65F6F9BE1A363ABF00AB6A0A /* main.m in Sources */,
				65F6F9CB1A363FFA00AB6A0A /* BinarySearchTree.m in Sources */,
				65F6F9CE1A3709F000AB6A0A /* Person.m in Sources */,
				65F6F9C81A363D5600AB6A0A /* Node.m in Sources */,
			);
			runOnlyForDeploymentPostprocessing = 0;
		};
/* End PBXSourcesBuildPhase section */

/* Begin XCBuildConfiguration section */
		65F6F9BF1A363ABF00AB6A0A /* Debug */ = {
			isa = XCBuildConfiguration;
			buildSettings = {
				ALWAYS_SEARCH_USER_PATHS = NO;
				CLANG_CXX_LANGUAGE_STANDARD = "gnu++0x";
				CLANG_CXX_LIBRARY = "libc++";
				CLANG_ENABLE_MODULES = YES;
				CLANG_ENABLE_OBJC_ARC = YES;
				CLANG_WARN_BOOL_CONVERSION = YES;
				CLANG_WARN_CONSTANT_CONVERSION = YES;
				CLANG_WARN_DIRECT_OBJC_ISA_USAGE = YES_ERROR;
				CLANG_WARN_EMPTY_BODY = YES;
				CLANG_WARN_ENUM_CONVERSION = YES;
				CLANG_WARN_INT_CONVERSION = YES;
				CLANG_WARN_OBJC_ROOT_CLASS = YES_ERROR;
				CLANG_WARN_UNREACHABLE_CODE = YES;
				CLANG_WARN__DUPLICATE_METHOD_MATCH = YES;
				COPY_PHASE_STRIP = NO;
				ENABLE_STRICT_OBJC_MSGSEND = YES;
				GCC_C_LANGUAGE_STANDARD = gnu99;
				GCC_DYNAMIC_NO_PIC = NO;
				GCC_OPTIMIZATION_LEVEL = 0;
				GCC_PREPROCESSOR_DEFINITIONS = (
					"DEBUG=1",
					"$(inherited)",
				);
				GCC_SYMBOLS_PRIVATE_EXTERN = NO;
				GCC_WARN_64_TO_32_BIT_CONVERSION = YES;
				GCC_WARN_ABOUT_RETURN_TYPE = YES_ERROR;
				GCC_WARN_UNDECLARED_SELECTOR = YES;
				GCC_WARN_UNINITIALIZED_AUTOS = YES_AGGRESSIVE;
				GCC_WARN_UNUSED_FUNCTION = YES;
				GCC_WARN_UNUSED_VARIABLE = YES;
				MACOSX_DEPLOYMENT_TARGET = 10.10;
				MTL_ENABLE_DEBUG_INFO = YES;
				ONLY_ACTIVE_ARCH = YES;
				SDKROOT = macosx;
			};
			name = Debug;
		};
		65F6F9C01A363ABF00AB6A0A /* Release */ = {
			isa = XCBuildConfiguration;
			buildSettings = {
				ALWAYS_SEARCH_USER_PATHS = NO;
				CLANG_CXX_LANGUAGE_STANDARD = "gnu++0x";
				CLANG_CXX_LIBRARY = "libc++";
				CLANG_ENABLE_MODULES = YES;
				CLANG_ENABLE_OBJC_ARC = YES;
				CLANG_WARN_BOOL_CONVERSION = YES;
				CLANG_WARN_CONSTANT_CONVERSION = YES;
				CLANG_WARN_DIRECT_OBJC_ISA_USAGE = YES_ERROR;
				CLANG_WARN_EMPTY_BODY = YES;
				CLANG_WARN_ENUM_CONVERSION = YES;
				CLANG_WARN_INT_CONVERSION = YES;
				CLANG_WARN_OBJC_ROOT_CLASS = YES_ERROR;
				CLANG_WARN_UNREACHABLE_CODE = YES;
				CLANG_WARN__DUPLICATE_METHOD_MATCH = YES;
				COPY_PHASE_STRIP = YES;
				DEBUG_INFORMATION_FORMAT = "dwarf-with-dsym";
				ENABLE_NS_ASSERTIONS = NO;
				ENABLE_STRICT_OBJC_MSGSEND = YES;
				GCC_C_LANGUAGE_STANDARD = gnu99;
				GCC_WARN_64_TO_32_BIT_CONVERSION = YES;
				GCC_WARN_ABOUT_RETURN_TYPE = YES_ERROR;
				GCC_WARN_UNDECLARED_SELECTOR = YES;
				GCC_WARN_UNINITIALIZED_AUTOS = YES_AGGRESSIVE;
				GCC_WARN_UNUSED_FUNCTION = YES;
				GCC_WARN_UNUSED_VARIABLE = YES;
				MACOSX_DEPLOYMENT_TARGET = 10.10;
				MTL_ENABLE_DEBUG_INFO = NO;
				SDKROOT = macosx;
			};
			name = Release;
		};
		65F6F9C21A363ABF00AB6A0A /* Debug */ = {
			isa = XCBuildConfiguration;
			buildSettings = {
				PRODUCT_NAME = "$(TARGET_NAME)";
			};
			name = Debug;
		};
		65F6F9C31A363ABF00AB6A0A /* Release */ = {
			isa = XCBuildConfiguration;
			buildSettings = {
				PRODUCT_NAME = "$(TARGET_NAME)";
			};
			name = Release;
		};
/* End XCBuildConfiguration section */

/* Begin XCConfigurationList section */
		65F6F9B51A363ABF00AB6A0A /* Build configuration list for PBXProject "Trees" */ = {
			isa = XCConfigurationList;
			buildConfigurations = (
				65F6F9BF1A363ABF00AB6A0A /* Debug */,
				65F6F9C01A363ABF00AB6A0A /* Release */,
			);
			defaultConfigurationIsVisible = 0;
			defaultConfigurationName = Release;
		};
		65F6F9C11A363ABF00AB6A0A /* Build configuration list for PBXNativeTarget "Trees" */ = {
			isa = XCConfigurationList;
			buildConfigurations = (
				65F6F9C21A363ABF00AB6A0A /* Debug */,
				65F6F9C31A363ABF00AB6A0A /* Release */,
			);
			defaultConfigurationIsVisible = 0;
		};
/* End XCConfigurationList section */
	};
	rootObject = 65F6F9B21A363ABF00AB6A0A /* Project object */;
}
